
Microsoft Visual Studio Solution File, Format Version 12.00
# Visual Studio Version 16
VisualStudioVersion = 16.0.29009.5
MinimumVisualStudioVersion = 10.0.40219.1
Project("{2150E333-8FDC-42A3-9474-1A3956D46DE8}") = "4.Business", "4.Business", "{2C4CA54A-99A2-4095-94F8-5A5F9574BC47}"
EndProject
Project("{2150E333-8FDC-42A3-9474-1A3956D46DE8}") = "5.2.API", "5.2.API", "{4E203891-DA50-4504-9DB9-2939F5B78EDD}"
EndProject
Project("{2150E333-8FDC-42A3-9474-1A3956D46DE8}") = "5.3.App", "5.3.App", "{CAF4F4EC-A790-4F41-945D-4441DEB58C52}"
EndProject
Project("{2150E333-8FDC-42A3-9474-1A3956D46DE8}") = "5.1.Services", "5.1.Services", "{A8301DBE-1409-4B5C-BCEF-B79E27D3F70E}"
EndProject
Project("{FAE04EC0-301F-11D3-BF4B-00C04F79EFBC}") = "Test", "Test\Test.csproj", "{4F2D0A7A-7DB4-47CA-A195-EB827852F8C0}"
EndProject
Project("{FAE04EC0-301F-11D3-BF4B-00C04F79EFBC}") = "OMS.Service.Windows", "OMS.Service\OMS.Service.Windows\OMS.Service.Windows.csproj", "{5E4FED4F-7ACD-48B0-B2A5-A8ED280F8FF3}"
EndProject
Project("{FAE04EC0-301F-11D3-BF4B-00C04F79EFBC}") = "OMS.Service.Base", "OMS.Service\OMS.Service.Base\OMS.Service.Base.csproj", "{31C88DDD-52D0-4F8F-991A-FAC04862D75B}"
EndProject
Project("{2150E333-8FDC-42A3-9474-1A3956D46DE8}") = "6.Tool", "6.Tool", "{FF6D3034-0B68-4D44-BBD7-9571515914E0}"
EndProject
Project("{FAE04EC0-301F-11D3-BF4B-00C04F79EFBC}") = "Samsonite.Utility", "..\Samsonite.Utility\Samsonite.Utility.csproj", "{8F6F5A76-973A-4A30-AD39-0A75A0067C68}"
EndProject
Project("{FAE04EC0-301F-11D3-BF4B-00C04F79EFBC}") = "Samsonite.OMS.Service", "Samsonite.OMS.Service\Samsonite.OMS.Service.csproj", "{177B13CA-9E9F-44A0-B5E0-623722551FA0}"
EndProject
Project("{FAE04EC0-301F-11D3-BF4B-00C04F79EFBC}") = "OMS.Service.Application", "OMS.Service\OMS.Service.Application\OMS.Service.Application.csproj", "{BE9B82DD-08F0-418C-8AD9-BC488448CAA1}"
EndProject
Project("{2150E333-8FDC-42A3-9474-1A3956D46DE8}") = "1.Public", "1.Public", "{005746AE-776D-4892-A7CD-14BB6BA85CBE}"
EndProject
Project("{2150E333-8FDC-42A3-9474-1A3956D46DE8}") = "3.Database", "3.Database", "{19E3601C-B574-46C2-AD64-E0275FCF3450}"
EndProject
Project("{FAE04EC0-301F-11D3-BF4B-00C04F79EFBC}") = "Samsonite.OMS.DTO", "Samsonite.OMS.DTO\Samsonite.OMS.DTO.csproj", "{DDCC579D-1EC7-466F-ACC4-3256827EC1EB}"
EndProject
Project("{FAE04EC0-301F-11D3-BF4B-00C04F79EFBC}") = "Samsonite.OMS.Database", "Samsonite.OMS.Database\Samsonite.OMS.Database.csproj", "{9C8B3E3D-F34C-4303-B630-347A4A1D1191}"
EndProject
Project("{FAE04EC0-301F-11D3-BF4B-00C04F79EFBC}") = "Samsonite.OMS.ECommerce", "Samsonite.OMS.ECommerce\Samsonite.OMS.ECommerce.csproj", "{B65F1012-8EB2-41F3-8D3F-549CAFFD217D}"
EndProject
Project("{2150E333-8FDC-42A3-9474-1A3956D46DE8}") = "7.Test", "7.Test", "{8DDA02D8-8294-471B-89AD-A61191DF3A09}"
EndProject
Project("{2150E333-8FDC-42A3-9474-1A3956D46DE8}") = "2.Sdk", "2.Sdk", "{5A913ECB-FC13-4A60-876E-4B1A3E3814FA}"
EndProject
Project("{FAE04EC0-301F-11D3-BF4B-00C04F79EFBC}") = "OMS.App", "OMS.App\OMS.App.csproj", "{1054A568-9EFD-4AED-A70E-12040891CFD0}"
EndProject
Project("{2150E333-8FDC-42A3-9474-1A3956D46DE8}") = "ECommerce", "ECommerce", "{D45FDEB0-8BF7-4309-95F7-05975AAD5F99}"
EndProject
Project("{2150E333-8FDC-42A3-9474-1A3956D46DE8}") = "Express", "Express", "{6AFEBAC3-04C6-4395-B820-EBB35AD48AC3}"
EndProject
Project("{FAE04EC0-301F-11D3-BF4B-00C04F79EFBC}") = "Samsonite.OMS.Encryption", "Samsonite.OMS.Encryption\Samsonite.OMS.Encryption.csproj", "{2E8A2B63-5472-422F-80EB-A5AB513B7E7B}"
EndProject
Project("{FAE04EC0-301F-11D3-BF4B-00C04F79EFBC}") = "OMS.ToolAssist", "Tool\OMS.ToolAssist\OMS.ToolAssist.csproj", "{F14A99E7-C109-49E4-A5F3-AAC00858D67F}"
EndProject
Project("{FAE04EC0-301F-11D3-BF4B-00C04F79EFBC}") = "OMS.API", "OMS.API\OMS.API.csproj", "{F323A54B-EA8A-460B-AD2B-F50DFB6AA7F2}"
EndProject
Project("{FAE04EC0-301F-11D3-BF4B-00C04F79EFBC}") = "SagawaSdk", "..\SDK\Express\Japan\SagawaSdk\SagawaSdk.csproj", "{77E6F474-4D9F-40AC-8F79-EFA12D32489D}"
EndProject
Project("{2150E333-8FDC-42A3-9474-1A3956D46DE8}") = "CRM", "CRM", "{04C64E6C-0655-4FC9-A809-D53C56C1A6C6}"
EndProject
Project("{FAE04EC0-301F-11D3-BF4B-00C04F79EFBC}") = "CRMSdk", "..\SDK\CRM\CRMSdk\CRMSdk.csproj", "{0155B835-4968-4F2B-B62D-EB6BB83F6769}"
EndProject
Global
	GlobalSection(SolutionConfigurationPlatforms) = preSolution
		Debug|Any CPU = Debug|Any CPU
		Release|Any CPU = Release|Any CPU
	EndGlobalSection
	GlobalSection(ProjectConfigurationPlatforms) = postSolution
		{4F2D0A7A-7DB4-47CA-A195-EB827852F8C0}.Debug|Any CPU.ActiveCfg = Debug|Any CPU
		{4F2D0A7A-7DB4-47CA-A195-EB827852F8C0}.Debug|Any CPU.Build.0 = Debug|Any CPU
		{4F2D0A7A-7DB4-47CA-A195-EB827852F8C0}.Release|Any CPU.ActiveCfg = Release|Any CPU
		{4F2D0A7A-7DB4-47CA-A195-EB827852F8C0}.Release|Any CPU.Build.0 = Release|Any CPU
		{5E4FED4F-7ACD-48B0-B2A5-A8ED280F8FF3}.Debug|Any CPU.ActiveCfg = Debug|Any CPU
		{5E4FED4F-7ACD-48B0-B2A5-A8ED280F8FF3}.Debug|Any CPU.Build.0 = Debug|Any CPU
		{5E4FED4F-7ACD-48B0-B2A5-A8ED280F8FF3}.Release|Any CPU.ActiveCfg = Release|Any CPU
		{5E4FED4F-7ACD-48B0-B2A5-A8ED280F8FF3}.Release|Any CPU.Build.0 = Release|Any CPU
		{31C88DDD-52D0-4F8F-991A-FAC04862D75B}.Debug|Any CPU.ActiveCfg = Debug|Any CPU
		{31C88DDD-52D0-4F8F-991A-FAC04862D75B}.Debug|Any CPU.Build.0 = Debug|Any CPU
		{31C88DDD-52D0-4F8F-991A-FAC04862D75B}.Release|Any CPU.ActiveCfg = Release|Any CPU
		{31C88DDD-52D0-4F8F-991A-FAC04862D75B}.Release|Any CPU.Build.0 = Release|Any CPU
		{8F6F5A76-973A-4A30-AD39-0A75A0067C68}.Debug|Any CPU.ActiveCfg = Debug|Any CPU
		{8F6F5A76-973A-4A30-AD39-0A75A0067C68}.Debug|Any CPU.Build.0 = Debug|Any CPU
		{8F6F5A76-973A-4A30-AD39-0A75A0067C68}.Release|Any CPU.ActiveCfg = Release|Any CPU
		{8F6F5A76-973A-4A30-AD39-0A75A0067C68}.Release|Any CPU.Build.0 = Release|Any CPU
		{177B13CA-9E9F-44A0-B5E0-623722551FA0}.Debug|Any CPU.ActiveCfg = Debug|Any CPU
		{177B13CA-9E9F-44A0-B5E0-623722551FA0}.Debug|Any CPU.Build.0 = Debug|Any CPU
		{177B13CA-9E9F-44A0-B5E0-623722551FA0}.Release|Any CPU.ActiveCfg = Release|Any CPU
		{177B13CA-9E9F-44A0-B5E0-623722551FA0}.Release|Any CPU.Build.0 = Release|Any CPU
		{BE9B82DD-08F0-418C-8AD9-BC488448CAA1}.Debug|Any CPU.ActiveCfg = Debug|Any CPU
		{BE9B82DD-08F0-418C-8AD9-BC488448CAA1}.Debug|Any CPU.Build.0 = Debug|Any CPU
		{BE9B82DD-08F0-418C-8AD9-BC488448CAA1}.Release|Any CPU.ActiveCfg = Release|Any CPU
		{BE9B82DD-08F0-418C-8AD9-BC488448CAA1}.Release|Any CPU.Build.0 = Release|Any CPU
		{DDCC579D-1EC7-466F-ACC4-3256827EC1EB}.Debug|Any CPU.ActiveCfg = Debug|Any CPU
		{DDCC579D-1EC7-466F-ACC4-3256827EC1EB}.Debug|Any CPU.Build.0 = Debug|Any CPU
		{DDCC579D-1EC7-466F-ACC4-3256827EC1EB}.Release|Any CPU.ActiveCfg = Release|Any CPU
		{DDCC579D-1EC7-466F-ACC4-3256827EC1EB}.Release|Any CPU.Build.0 = Release|Any CPU
		{9C8B3E3D-F34C-4303-B630-347A4A1D1191}.Debug|Any CPU.ActiveCfg = Debug|Any CPU
		{9C8B3E3D-F34C-4303-B630-347A4A1D1191}.Debug|Any CPU.Build.0 = Debug|Any CPU
		{9C8B3E3D-F34C-4303-B630-347A4A1D1191}.Release|Any CPU.ActiveCfg = Release|Any CPU
		{9C8B3E3D-F34C-4303-B630-347A4A1D1191}.Release|Any CPU.Build.0 = Release|Any CPU
		{B65F1012-8EB2-41F3-8D3F-549CAFFD217D}.Debug|Any CPU.ActiveCfg = Debug|Any CPU
		{B65F1012-8EB2-41F3-8D3F-549CAFFD217D}.Debug|Any CPU.Build.0 = Debug|Any CPU
		{B65F1012-8EB2-41F3-8D3F-549CAFFD217D}.Release|Any CPU.ActiveCfg = Release|Any CPU
		{B65F1012-8EB2-41F3-8D3F-549CAFFD217D}.Release|Any CPU.Build.0 = Release|Any CPU
		{1054A568-9EFD-4AED-A70E-12040891CFD0}.Debug|Any CPU.ActiveCfg = Debug|Any CPU
		{1054A568-9EFD-4AED-A70E-12040891CFD0}.Debug|Any CPU.Build.0 = Debug|Any CPU
		{1054A568-9EFD-4AED-A70E-12040891CFD0}.Release|Any CPU.ActiveCfg = Release|Any CPU
		{1054A568-9EFD-4AED-A70E-12040891CFD0}.Release|Any CPU.Build.0 = Release|Any CPU
		{2E8A2B63-5472-422F-80EB-A5AB513B7E7B}.Debug|Any CPU.ActiveCfg = Debug|Any CPU
		{2E8A2B63-5472-422F-80EB-A5AB513B7E7B}.Debug|Any CPU.Build.0 = Debug|Any CPU
		{2E8A2B63-5472-422F-80EB-A5AB513B7E7B}.Release|Any CPU.ActiveCfg = Release|Any CPU
		{2E8A2B63-5472-422F-80EB-A5AB513B7E7B}.Release|Any CPU.Build.0 = Release|Any CPU
		{F14A99E7-C109-49E4-A5F3-AAC00858D67F}.Debug|Any CPU.ActiveCfg = Debug|Any CPU
		{F14A99E7-C109-49E4-A5F3-AAC00858D67F}.Debug|Any CPU.Build.0 = Debug|Any CPU
		{F14A99E7-C109-49E4-A5F3-AAC00858D67F}.Release|Any CPU.ActiveCfg = Release|Any CPU
		{F14A99E7-C109-49E4-A5F3-AAC00858D67F}.Release|Any CPU.Build.0 = Release|Any CPU
		{F323A54B-EA8A-460B-AD2B-F50DFB6AA7F2}.Debug|Any CPU.ActiveCfg = Debug|Any CPU
		{F323A54B-EA8A-460B-AD2B-F50DFB6AA7F2}.Debug|Any CPU.Build.0 = Debug|Any CPU
		{F323A54B-EA8A-460B-AD2B-F50DFB6AA7F2}.Release|Any CPU.ActiveCfg = Release|Any CPU
		{F323A54B-EA8A-460B-AD2B-F50DFB6AA7F2}.Release|Any CPU.Build.0 = Release|Any CPU
		{77E6F474-4D9F-40AC-8F79-EFA12D32489D}.Debug|Any CPU.ActiveCfg = Debug|Any CPU
		{77E6F474-4D9F-40AC-8F79-EFA12D32489D}.Debug|Any CPU.Build.0 = Debug|Any CPU
		{77E6F474-4D9F-40AC-8F79-EFA12D32489D}.Release|Any CPU.ActiveCfg = Release|Any CPU
		{77E6F474-4D9F-40AC-8F79-EFA12D32489D}.Release|Any CPU.Build.0 = Release|Any CPU
		{0155B835-4968-4F2B-B62D-EB6BB83F6769}.Debug|Any CPU.ActiveCfg = Debug|Any CPU
		{0155B835-4968-4F2B-B62D-EB6BB83F6769}.Debug|Any CPU.Build.0 = Debug|Any CPU
		{0155B835-4968-4F2B-B62D-EB6BB83F6769}.Release|Any CPU.ActiveCfg = Release|Any CPU
		{0155B835-4968-4F2B-B62D-EB6BB83F6769}.Release|Any CPU.Build.0 = Release|Any CPU
	EndGlobalSection
	GlobalSection(SolutionProperties) = preSolution
		HideSolutionNode = FALSE
	EndGlobalSection
	GlobalSection(NestedProjects) = preSolution
		{4F2D0A7A-7DB4-47CA-A195-EB827852F8C0} = {8DDA02D8-8294-471B-89AD-A61191DF3A09}
		{5E4FED4F-7ACD-48B0-B2A5-A8ED280F8FF3} = {A8301DBE-1409-4B5C-BCEF-B79E27D3F70E}
		{31C88DDD-52D0-4F8F-991A-FAC04862D75B} = {A8301DBE-1409-4B5C-BCEF-B79E27D3F70E}
		{8F6F5A76-973A-4A30-AD39-0A75A0067C68} = {005746AE-776D-4892-A7CD-14BB6BA85CBE}
		{177B13CA-9E9F-44A0-B5E0-623722551FA0} = {2C4CA54A-99A2-4095-94F8-5A5F9574BC47}
		{BE9B82DD-08F0-418C-8AD9-BC488448CAA1} = {A8301DBE-1409-4B5C-BCEF-B79E27D3F70E}
		{DDCC579D-1EC7-466F-ACC4-3256827EC1EB} = {2C4CA54A-99A2-4095-94F8-5A5F9574BC47}
		{9C8B3E3D-F34C-4303-B630-347A4A1D1191} = {19E3601C-B574-46C2-AD64-E0275FCF3450}
		{B65F1012-8EB2-41F3-8D3F-549CAFFD217D} = {2C4CA54A-99A2-4095-94F8-5A5F9574BC47}
		{1054A568-9EFD-4AED-A70E-12040891CFD0} = {CAF4F4EC-A790-4F41-945D-4441DEB58C52}
		{D45FDEB0-8BF7-4309-95F7-05975AAD5F99} = {5A913ECB-FC13-4A60-876E-4B1A3E3814FA}
		{6AFEBAC3-04C6-4395-B820-EBB35AD48AC3} = {5A913ECB-FC13-4A60-876E-4B1A3E3814FA}
		{2E8A2B63-5472-422F-80EB-A5AB513B7E7B} = {2C4CA54A-99A2-4095-94F8-5A5F9574BC47}
		{F14A99E7-C109-49E4-A5F3-AAC00858D67F} = {FF6D3034-0B68-4D44-BBD7-9571515914E0}
		{F323A54B-EA8A-460B-AD2B-F50DFB6AA7F2} = {4E203891-DA50-4504-9DB9-2939F5B78EDD}
		{77E6F474-4D9F-40AC-8F79-EFA12D32489D} = {6AFEBAC3-04C6-4395-B820-EBB35AD48AC3}
		{04C64E6C-0655-4FC9-A809-D53C56C1A6C6} = {5A913ECB-FC13-4A60-876E-4B1A3E3814FA}
		{0155B835-4968-4F2B-B62D-EB6BB83F6769} = {04C64E6C-0655-4FC9-A809-D53C56C1A6C6}
	EndGlobalSection
	GlobalSection(ExtensibilityGlobals) = postSolution
		SolutionGuid = {748334E0-C885-4D6C-AF50-A68C46DDD42E}
	EndGlobalSection
EndGlobal
